[root]
name = "crust"
version = "0.1.0"
dependencies = [
 "alloc 0.1.0",
 "mm 0.0.1",
 "rlibc 0.1.5 (registry+https://github.com/rust-lang/crates.io-index)",
]

[[package]]
name = "alloc"
version = "0.1.0"

[[package]]
name = "mm"
version = "0.0.1"

[[package]]
name = "rlibc"
version = "0.1.5"
source = "registry+https://github.com/rust-lang/crates.io-index"

