[root]
name = "crust"
version = "0.1.0"
dependencies = [
 "mm 0.0.1",
 "nodrop 0.1.6 (registry+https://github.com/rust-lang/crates.io-index)",
 "rlibc 0.1.5 (registry+https://github.com/rust-lang/crates.io-index)",
]

[[package]]
name = "mm"
version = "0.0.1"

[[package]]
name = "nodrop"
version = "0.1.6"
source = "registry+https://github.com/rust-lang/crates.io-index"
dependencies = [
 "odds 0.2.12 (registry+https://github.com/rust-lang/crates.io-index)",
]

[[package]]
name = "odds"
version = "0.2.12"
source = "registry+https://github.com/rust-lang/crates.io-index"

[[package]]
name = "rlibc"
version = "0.1.5"
source = "registry+https://github.com/rust-lang/crates.io-index"

